
Microsoft Visual Studio Solution File, Format Version 12.00
# Visual Studio Version 17
VisualStudioVersion = 17.14.36202.13 d17.14
MinimumVisualStudioVersion = 10.0.40219.1
Project("{FAE04EC0-301F-11D3-BF4B-00C04F79EFBC}") = "ClangSharpBug", "ClangSharpBug.csproj", "{A9BEFC3C-08FE-CF82-FF29-835768966F8D}"
EndProject
Global
	GlobalSection(SolutionConfigurationPlatforms) = preSolution
		Debug|Any CPU = Debug|Any CPU
		Release|Any CPU = Release|Any CPU
	EndGlobalSection
	GlobalSection(ProjectConfigurationPlatforms) = postSolution
		{A9BEFC3C-08FE-CF82-FF29-835768966F8D}.Debug|Any CPU.ActiveCfg = Debug|Any CPU
		{A9BEFC3C-08FE-CF82-FF29-835768966F8D}.Debug|Any CPU.Build.0 = Debug|Any CPU
		{A9BEFC3C-08FE-CF82-FF29-835768966F8D}.Release|Any CPU.ActiveCfg = Release|Any CPU
		{A9BEFC3C-08FE-CF82-FF29-835768966F8D}.Release|Any CPU.Build.0 = Release|Any CPU
	EndGlobalSection
	GlobalSection(SolutionProperties) = preSolution
		HideSolutionNode = FALSE
	EndGlobalSection
	GlobalSection(ExtensibilityGlobals) = postSolution
		SolutionGuid = {C03C58EE-4528-4254-A87D-5A9CDF70B1FC}
	EndGlobalSection
EndGlobal
